// !$*UTF8*$!
{
	archiveVersion = 1;
	classes = {
	};
	objectVersion = 56;
	objects = {

/* Begin PBXBuildFile section */
		F07EED8E2BAA559700728D2C /* AppDelegate.swift in Sources */ = {isa = PBXBuildFile; fileRef = F07EED8D2BAA559700728D2C /* AppDelegate.swift */; };
		F07EED902BAA559700728D2C /* SceneDelegate.swift in Sources */ = {isa = PBXBuildFile; fileRef = F07EED8F2BAA559700728D2C /* SceneDelegate.swift */; };
		F07EED922BAA559700728D2C /* ViewController.swift in Sources */ = {isa = PBXBuildFile; fileRef = F07EED912BAA559700728D2C /* ViewController.swift */; };
		F07EED952BAA559700728D2C /* Main.storyboard in Resources */ = {isa = PBXBuildFile; fileRef = F07EED932BAA559700728D2C /* Main.storyboard */; };
		F07EED982BAA559700728D2C /* TVMaze_App_Example.xcdatamodeld in Sources */ = {isa = PBXBuildFile; fileRef = F07EED962BAA559700728D2C /* TVMaze_App_Example.xcdatamodeld */; };
		F07EED9A2BAA559800728D2C /* Assets.xcassets in Resources */ = {isa = PBXBuildFile; fileRef = F07EED992BAA559800728D2C /* Assets.xcassets */; };
		F07EED9D2BAA559800728D2C /* LaunchScreen.storyboard in Resources */ = {isa = PBXBuildFile; fileRef = F07EED9B2BAA559800728D2C /* LaunchScreen.storyboard */; };
		F07EEDA82BAA559900728D2C /* TVMaze_App_ExampleTests.swift in Sources */ = {isa = PBXBuildFile; fileRef = F07EEDA72BAA559900728D2C /* TVMaze_App_ExampleTests.swift */; };
		F07EEDB22BAA559900728D2C /* TVMaze_App_ExampleUITests.swift in Sources */ = {isa = PBXBuildFile; fileRef = F07EEDB12BAA559900728D2C /* TVMaze_App_ExampleUITests.swift */; };
		F07EEDB42BAA559900728D2C /* TVMaze_App_ExampleUITestsLaunchTests.swift in Sources */ = {isa = PBXBuildFile; fileRef = F07EEDB32BAA559900728D2C /* TVMaze_App_ExampleUITestsLaunchTests.swift */; };
		F07EEDC42BAAC8FB00728D2C /* ShowModel.swift in Sources */ = {isa = PBXBuildFile; fileRef = F07EEDC32BAAC8FB00728D2C /* ShowModel.swift */; };
		F07EEDC82BAACA6800728D2C /* TVMazeDataStore.swift in Sources */ = {isa = PBXBuildFile; fileRef = F07EEDC72BAACA6800728D2C /* TVMazeDataStore.swift */; };
		F07EEDCA2BAACA7C00728D2C /* Services.plist in Resources */ = {isa = PBXBuildFile; fileRef = F07EEDC92BAACA7C00728D2C /* Services.plist */; };
		F07EEDCC2BAACA8F00728D2C /* Interface.swift in Sources */ = {isa = PBXBuildFile; fileRef = F07EEDCB2BAACA8F00728D2C /* Interface.swift */; };
		F07EEDCE2BAACAA400728D2C /* ServiceManager.swift in Sources */ = {isa = PBXBuildFile; fileRef = F07EEDCD2BAACAA400728D2C /* ServiceManager.swift */; };
		F092258C2BAC0E3A00C8F8E8 /* ShowCatalogueTableViewCell.swift in Sources */ = {isa = PBXBuildFile; fileRef = F092258A2BAC0E3A00C8F8E8 /* ShowCatalogueTableViewCell.swift */; };
		F092258D2BAC0E3A00C8F8E8 /* ShowCatalogueTableViewCell.xib in Resources */ = {isa = PBXBuildFile; fileRef = F092258B2BAC0E3A00C8F8E8 /* ShowCatalogueTableViewCell.xib */; };
		F09629552BAB534700E50467 /* Constants.swift in Sources */ = {isa = PBXBuildFile; fileRef = F09629542BAB534700E50467 /* Constants.swift */; };
		F09629572BAB65A900E50467 /* TVMazeViewController.swift in Sources */ = {isa = PBXBuildFile; fileRef = F09629562BAB65A900E50467 /* TVMazeViewController.swift */; };
		F096295B2BAB665200E50467 /* Utils.swift in Sources */ = {isa = PBXBuildFile; fileRef = F096295A2BAB665200E50467 /* Utils.swift */; };
		F096295D2BAB666800E50467 /* ImageCache.swift in Sources */ = {isa = PBXBuildFile; fileRef = F096295C2BAB666800E50467 /* ImageCache.swift */; };
		F096295F2BAB667700E50467 /* Extensions.swift in Sources */ = {isa = PBXBuildFile; fileRef = F096295E2BAB667700E50467 /* Extensions.swift */; };
		F09629612BAB668800E50467 /* Protocols.swift in Sources */ = {isa = PBXBuildFile; fileRef = F09629602BAB668800E50467 /* Protocols.swift */; };
		F09629632BAB6DCA00E50467 /* Enviorement.plist in Resources */ = {isa = PBXBuildFile; fileRef = F09629622BAB6DCA00E50467 /* Enviorement.plist */; };
		F09629652BAB823500E50467 /* PreviousEpisode.swift in Sources */ = {isa = PBXBuildFile; fileRef = F09629642BAB823500E50467 /* PreviousEpisode.swift */; };
		F09629672BAB825D00E50467 /* SelfLink.swift in Sources */ = {isa = PBXBuildFile; fileRef = F09629662BAB825D00E50467 /* SelfLink.swift */; };
		F09629692BAB827E00E50467 /* Links.swift in Sources */ = {isa = PBXBuildFile; fileRef = F09629682BAB827E00E50467 /* Links.swift */; };
		F096296B2BAB82DE00E50467 /* Image.swift in Sources */ = {isa = PBXBuildFile; fileRef = F096296A2BAB82DE00E50467 /* Image.swift */; };
		F096296D2BAB831200E50467 /* Externals.swift in Sources */ = {isa = PBXBuildFile; fileRef = F096296C2BAB831200E50467 /* Externals.swift */; };
		F096296F2BAB832E00E50467 /* Country.swift in Sources */ = {isa = PBXBuildFile; fileRef = F096296E2BAB832E00E50467 /* Country.swift */; };
		F09629712BAB834300E50467 /* Network.swift in Sources */ = {isa = PBXBuildFile; fileRef = F09629702BAB834300E50467 /* Network.swift */; };
		F09629732BAB835600E50467 /* Rating.swift in Sources */ = {isa = PBXBuildFile; fileRef = F09629722BAB835600E50467 /* Rating.swift */; };
		F09629752BAB836700E50467 /* Schedule.swift in Sources */ = {isa = PBXBuildFile; fileRef = F09629742BAB836700E50467 /* Schedule.swift */; };
		F09629802BAB8BEA00E50467 /* ShowDetailsInteractor.swift in Sources */ = {isa = PBXBuildFile; fileRef = F096297F2BAB8BEA00E50467 /* ShowDetailsInteractor.swift */; };
		F09629822BAB8C0900E50467 /* ShowDetailsPresenter.swift in Sources */ = {isa = PBXBuildFile; fileRef = F09629812BAB8C0900E50467 /* ShowDetailsPresenter.swift */; };
		F09629842BAB8C1D00E50467 /* ShowDetailsWireframe.swift in Sources */ = {isa = PBXBuildFile; fileRef = F09629832BAB8C1D00E50467 /* ShowDetailsWireframe.swift */; };
		F09629872BAB8C4700E50467 /* ShowDetailsViewController.swift in Sources */ = {isa = PBXBuildFile; fileRef = F09629852BAB8C4700E50467 /* ShowDetailsViewController.swift */; };
		F09629882BAB8C4700E50467 /* ShowDetailsViewController.xib in Resources */ = {isa = PBXBuildFile; fileRef = F09629862BAB8C4700E50467 /* ShowDetailsViewController.xib */; };
		F096298A2BAB8C7200E50467 /* ShowCatalogueInteractor.swift in Sources */ = {isa = PBXBuildFile; fileRef = F09629892BAB8C7200E50467 /* ShowCatalogueInteractor.swift */; };
		F096298C2BAB8C8300E50467 /* ShowCataloguePresenter.swift in Sources */ = {isa = PBXBuildFile; fileRef = F096298B2BAB8C8300E50467 /* ShowCataloguePresenter.swift */; };
		F096298E2BAB8C9A00E50467 /* ShowCatalogueWireframe.swift in Sources */ = {isa = PBXBuildFile; fileRef = F096298D2BAB8C9A00E50467 /* ShowCatalogueWireframe.swift */; };
		F09629912BAB8CB500E50467 /* ShowCatalogueViewController.swift in Sources */ = {isa = PBXBuildFile; fileRef = F096298F2BAB8CB500E50467 /* ShowCatalogueViewController.swift */; };
		F09629922BAB8CB500E50467 /* ShowCatalogueViewController.xib in Resources */ = {isa = PBXBuildFile; fileRef = F09629902BAB8CB500E50467 /* ShowCatalogueViewController.xib */; };
		F0E7B8D42BAC92640030DDEC /* Localizable.strings in Resources */ = {isa = PBXBuildFile; fileRef = F0E7B8D62BAC92640030DDEC /* Localizable.strings */; };
		F0E7B8E02BAC9F820030DDEC /* ShowFavoritesInteractor.swift in Sources */ = {isa = PBXBuildFile; fileRef = F0E7B8DA2BAC9F820030DDEC /* ShowFavoritesInteractor.swift */; };
		F0E7B8E12BAC9F820030DDEC /* ShowFavoritesPresenter.swift in Sources */ = {isa = PBXBuildFile; fileRef = F0E7B8DB2BAC9F820030DDEC /* ShowFavoritesPresenter.swift */; };
		F0E7B8E22BAC9F820030DDEC /* ShowFavoritesWireframe.swift in Sources */ = {isa = PBXBuildFile; fileRef = F0E7B8DD2BAC9F820030DDEC /* ShowFavoritesWireframe.swift */; };
		F0E7B8E32BAC9F820030DDEC /* ShowFavoritesViewController.xib in Resources */ = {isa = PBXBuildFile; fileRef = F0E7B8DE2BAC9F820030DDEC /* ShowFavoritesViewController.xib */; };
		F0E7B8E42BAC9F820030DDEC /* ShowFavoritesViewController.swift in Sources */ = {isa = PBXBuildFile; fileRef = F0E7B8DF2BAC9F820030DDEC /* ShowFavoritesViewController.swift */; };
		F0E7B8EE2BACA40A0030DDEC /* HomeTabBarInteractor.swift in Sources */ = {isa = PBXBuildFile; fileRef = F0E7B8E82BACA40A0030DDEC /* HomeTabBarInteractor.swift */; };
		F0E7B8EF2BACA40A0030DDEC /* HomeTabBarPresenter.swift in Sources */ = {isa = PBXBuildFile; fileRef = F0E7B8E92BACA40A0030DDEC /* HomeTabBarPresenter.swift */; };
		F0E7B8F02BACA40A0030DDEC /* HomeTabBarWireframe.swift in Sources */ = {isa = PBXBuildFile; fileRef = F0E7B8EB2BACA40A0030DDEC /* HomeTabBarWireframe.swift */; };
		F0E7B8F12BACA40A0030DDEC /* HomeTabBarViewController.xib in Resources */ = {isa = PBXBuildFile; fileRef = F0E7B8EC2BACA40A0030DDEC /* HomeTabBarViewController.xib */; };
		F0E7B8F22BACA40A0030DDEC /* HomeTabBarViewController.swift in Sources */ = {isa = PBXBuildFile; fileRef = F0E7B8ED2BACA40A0030DDEC /* HomeTabBarViewController.swift */; };
		F0E7B8F42BACB70E0030DDEC /* CoreDataController.swift in Sources */ = {isa = PBXBuildFile; fileRef = F0E7B8F32BACB70E0030DDEC /* CoreDataController.swift */; };
		F0E7B8F62BADDECC0030DDEC /* FavoriteShowModel.swift in Sources */ = {isa = PBXBuildFile; fileRef = F0E7B8F52BADDECC0030DDEC /* FavoriteShowModel.swift */; };
/* End PBXBuildFile section */

/* Begin PBXContainerItemProxy section */
		F07EEDA42BAA559900728D2C /* PBXContainerItemProxy */ = {
			isa = PBXContainerItemProxy;
			containerPortal = F07EED822BAA559700728D2C /* Project object */;
			proxyType = 1;
			remoteGlobalIDString = F07EED892BAA559700728D2C;
			remoteInfo = TVMaze_App_Example;
		};
		F07EEDAE2BAA559900728D2C /* PBXContainerItemProxy */ = {
			isa = PBXContainerItemProxy;
			containerPortal = F07EED822BAA559700728D2C /* Project object */;
			proxyType = 1;
			remoteGlobalIDString = F07EED892BAA559700728D2C;
			remoteInfo = TVMaze_App_Example;
		};
/* End PBXContainerItemProxy section */

/* Begin PBXFileReference section */
		F07EED8A2BAA559700728D2C /* TVMaze_App_Example.app */ = {isa = PBXFileReference; explicitFileType = wrapper.application; includeInIndex = 0; path = TVMaze_App_Example.app; sourceTree = BUILT_PRODUCTS_DIR; };
		F07EED8D2BAA559700728D2C /* AppDelegate.swift */ = {isa = PBXFileReference; lastKnownFileType = sourcecode.swift; path = AppDelegate.swift; sourceTree = "<group>"; };
		F07EED8F2BAA559700728D2C /* SceneDelegate.swift */ = {isa = PBXFileReference; lastKnownFileType = sourcecode.swift; path = SceneDelegate.swift; sourceTree = "<group>"; };
		F07EED912BAA559700728D2C /* ViewController.swift */ = {isa = PBXFileReference; lastKnownFileType = sourcecode.swift; path = ViewController.swift; sourceTree = "<group>"; };
		F07EED942BAA559700728D2C /* Base */ = {isa = PBXFileReference; lastKnownFileType = file.storyboard; name = Base; path = Base.lproj/Main.storyboard; sourceTree = "<group>"; };
		F07EED972BAA559700728D2C /* TVMaze_App_Example.xcdatamodel */ = {isa = PBXFileReference; lastKnownFileType = wrapper.xcdatamodel; path = TVMaze_App_Example.xcdatamodel; sourceTree = "<group>"; };
		F07EED992BAA559800728D2C /* Assets.xcassets */ = {isa = PBXFileReference; lastKnownFileType = folder.assetcatalog; path = Assets.xcassets; sourceTree = "<group>"; };
		F07EED9C2BAA559800728D2C /* Base */ = {isa = PBXFileReference; lastKnownFileType = file.storyboard; name = Base; path = Base.lproj/LaunchScreen.storyboard; sourceTree = "<group>"; };
		F07EED9E2BAA559800728D2C /* Info.plist */ = {isa = PBXFileReference; lastKnownFileType = text.plist.xml; path = Info.plist; sourceTree = "<group>"; };
		F07EEDA32BAA559900728D2C /* TVMaze_App_ExampleTests.xctest */ = {isa = PBXFileReference; explicitFileType = wrapper.cfbundle; includeInIndex = 0; path = TVMaze_App_ExampleTests.xctest; sourceTree = BUILT_PRODUCTS_DIR; };
		F07EEDA72BAA559900728D2C /* TVMaze_App_ExampleTests.swift */ = {isa = PBXFileReference; lastKnownFileType = sourcecode.swift; path = TVMaze_App_ExampleTests.swift; sourceTree = "<group>"; };
		F07EEDAD2BAA559900728D2C /* TVMaze_App_ExampleUITests.xctest */ = {isa = PBXFileReference; explicitFileType = wrapper.cfbundle; includeInIndex = 0; path = TVMaze_App_ExampleUITests.xctest; sourceTree = BUILT_PRODUCTS_DIR; };
		F07EEDB12BAA559900728D2C /* TVMaze_App_ExampleUITests.swift */ = {isa = PBXFileReference; lastKnownFileType = sourcecode.swift; path = TVMaze_App_ExampleUITests.swift; sourceTree = "<group>"; };
		F07EEDB32BAA559900728D2C /* TVMaze_App_ExampleUITestsLaunchTests.swift */ = {isa = PBXFileReference; lastKnownFileType = sourcecode.swift; path = TVMaze_App_ExampleUITestsLaunchTests.swift; sourceTree = "<group>"; };
		F07EEDC32BAAC8FB00728D2C /* ShowModel.swift */ = {isa = PBXFileReference; lastKnownFileType = sourcecode.swift; path = ShowModel.swift; sourceTree = "<group>"; };
		F07EEDC72BAACA6800728D2C /* TVMazeDataStore.swift */ = {isa = PBXFileReference; lastKnownFileType = sourcecode.swift; path = TVMazeDataStore.swift; sourceTree = "<group>"; };
		F07EEDC92BAACA7C00728D2C /* Services.plist */ = {isa = PBXFileReference; lastKnownFileType = text.plist.xml; path = Services.plist; sourceTree = "<group>"; };
		F07EEDCB2BAACA8F00728D2C /* Interface.swift */ = {isa = PBXFileReference; lastKnownFileType = sourcecode.swift; path = Interface.swift; sourceTree = "<group>"; };
		F07EEDCD2BAACAA400728D2C /* ServiceManager.swift */ = {isa = PBXFileReference; lastKnownFileType = sourcecode.swift; path = ServiceManager.swift; sourceTree = "<group>"; };
		F092258A2BAC0E3A00C8F8E8 /* ShowCatalogueTableViewCell.swift */ = {isa = PBXFileReference; lastKnownFileType = sourcecode.swift; path = ShowCatalogueTableViewCell.swift; sourceTree = "<group>"; };
		F092258B2BAC0E3A00C8F8E8 /* ShowCatalogueTableViewCell.xib */ = {isa = PBXFileReference; lastKnownFileType = file.xib; path = ShowCatalogueTableViewCell.xib; sourceTree = "<group>"; };
		F09629542BAB534700E50467 /* Constants.swift */ = {isa = PBXFileReference; lastKnownFileType = sourcecode.swift; path = Constants.swift; sourceTree = "<group>"; };
		F09629562BAB65A900E50467 /* TVMazeViewController.swift */ = {isa = PBXFileReference; lastKnownFileType = sourcecode.swift; path = TVMazeViewController.swift; sourceTree = "<group>"; };
		F096295A2BAB665200E50467 /* Utils.swift */ = {isa = PBXFileReference; lastKnownFileType = sourcecode.swift; path = Utils.swift; sourceTree = "<group>"; };
		F096295C2BAB666800E50467 /* ImageCache.swift */ = {isa = PBXFileReference; lastKnownFileType = sourcecode.swift; path = ImageCache.swift; sourceTree = "<group>"; };
		F096295E2BAB667700E50467 /* Extensions.swift */ = {isa = PBXFileReference; lastKnownFileType = sourcecode.swift; path = Extensions.swift; sourceTree = "<group>"; };
		F09629602BAB668800E50467 /* Protocols.swift */ = {isa = PBXFileReference; lastKnownFileType = sourcecode.swift; path = Protocols.swift; sourceTree = "<group>"; };
		F09629622BAB6DCA00E50467 /* Enviorement.plist */ = {isa = PBXFileReference; lastKnownFileType = text.plist.xml; path = Enviorement.plist; sourceTree = "<group>"; };
		F09629642BAB823500E50467 /* PreviousEpisode.swift */ = {isa = PBXFileReference; lastKnownFileType = sourcecode.swift; path = PreviousEpisode.swift; sourceTree = "<group>"; };
		F09629662BAB825D00E50467 /* SelfLink.swift */ = {isa = PBXFileReference; lastKnownFileType = sourcecode.swift; path = SelfLink.swift; sourceTree = "<group>"; };
		F09629682BAB827E00E50467 /* Links.swift */ = {isa = PBXFileReference; lastKnownFileType = sourcecode.swift; path = Links.swift; sourceTree = "<group>"; };
		F096296A2BAB82DE00E50467 /* Image.swift */ = {isa = PBXFileReference; lastKnownFileType = sourcecode.swift; path = Image.swift; sourceTree = "<group>"; };
		F096296C2BAB831200E50467 /* Externals.swift */ = {isa = PBXFileReference; lastKnownFileType = sourcecode.swift; path = Externals.swift; sourceTree = "<group>"; };
		F096296E2BAB832E00E50467 /* Country.swift */ = {isa = PBXFileReference; lastKnownFileType = sourcecode.swift; path = Country.swift; sourceTree = "<group>"; };
		F09629702BAB834300E50467 /* Network.swift */ = {isa = PBXFileReference; lastKnownFileType = sourcecode.swift; path = Network.swift; sourceTree = "<group>"; };
		F09629722BAB835600E50467 /* Rating.swift */ = {isa = PBXFileReference; lastKnownFileType = sourcecode.swift; path = Rating.swift; sourceTree = "<group>"; };
		F09629742BAB836700E50467 /* Schedule.swift */ = {isa = PBXFileReference; lastKnownFileType = sourcecode.swift; path = Schedule.swift; sourceTree = "<group>"; };
		F096297F2BAB8BEA00E50467 /* ShowDetailsInteractor.swift */ = {isa = PBXFileReference; lastKnownFileType = sourcecode.swift; path = ShowDetailsInteractor.swift; sourceTree = "<group>"; };
		F09629812BAB8C0900E50467 /* ShowDetailsPresenter.swift */ = {isa = PBXFileReference; lastKnownFileType = sourcecode.swift; path = ShowDetailsPresenter.swift; sourceTree = "<group>"; };
		F09629832BAB8C1D00E50467 /* ShowDetailsWireframe.swift */ = {isa = PBXFileReference; lastKnownFileType = sourcecode.swift; path = ShowDetailsWireframe.swift; sourceTree = "<group>"; };
		F09629852BAB8C4700E50467 /* ShowDetailsViewController.swift */ = {isa = PBXFileReference; lastKnownFileType = sourcecode.swift; path = ShowDetailsViewController.swift; sourceTree = "<group>"; };
		F09629862BAB8C4700E50467 /* ShowDetailsViewController.xib */ = {isa = PBXFileReference; lastKnownFileType = file.xib; path = ShowDetailsViewController.xib; sourceTree = "<group>"; };
		F09629892BAB8C7200E50467 /* ShowCatalogueInteractor.swift */ = {isa = PBXFileReference; lastKnownFileType = sourcecode.swift; path = ShowCatalogueInteractor.swift; sourceTree = "<group>"; };
		F096298B2BAB8C8300E50467 /* ShowCataloguePresenter.swift */ = {isa = PBXFileReference; lastKnownFileType = sourcecode.swift; path = ShowCataloguePresenter.swift; sourceTree = "<group>"; };
		F096298D2BAB8C9A00E50467 /* ShowCatalogueWireframe.swift */ = {isa = PBXFileReference; lastKnownFileType = sourcecode.swift; path = ShowCatalogueWireframe.swift; sourceTree = "<group>"; };
		F096298F2BAB8CB500E50467 /* ShowCatalogueViewController.swift */ = {isa = PBXFileReference; lastKnownFileType = sourcecode.swift; path = ShowCatalogueViewController.swift; sourceTree = "<group>"; };
		F09629902BAB8CB500E50467 /* ShowCatalogueViewController.xib */ = {isa = PBXFileReference; lastKnownFileType = file.xib; path = ShowCatalogueViewController.xib; sourceTree = "<group>"; };
		F0E7B8D52BAC92640030DDEC /* en */ = {isa = PBXFileReference; lastKnownFileType = text.plist.strings; name = en; path = en.lproj/Localizable.strings; sourceTree = "<group>"; };
		F0E7B8D72BAC928D0030DDEC /* es-419 */ = {isa = PBXFileReference; lastKnownFileType = text.plist.strings; name = "es-419"; path = "es-419.lproj/Localizable.strings"; sourceTree = "<group>"; };
		F0E7B8DA2BAC9F820030DDEC /* ShowFavoritesInteractor.swift */ = {isa = PBXFileReference; fileEncoding = 4; lastKnownFileType = sourcecode.swift; path = ShowFavoritesInteractor.swift; sourceTree = "<group>"; };
		F0E7B8DB2BAC9F820030DDEC /* ShowFavoritesPresenter.swift */ = {isa = PBXFileReference; fileEncoding = 4; lastKnownFileType = sourcecode.swift; path = ShowFavoritesPresenter.swift; sourceTree = "<group>"; };
		F0E7B8DD2BAC9F820030DDEC /* ShowFavoritesWireframe.swift */ = {isa = PBXFileReference; fileEncoding = 4; lastKnownFileType = sourcecode.swift; path = ShowFavoritesWireframe.swift; sourceTree = "<group>"; };
		F0E7B8DE2BAC9F820030DDEC /* ShowFavoritesViewController.xib */ = {isa = PBXFileReference; fileEncoding = 4; lastKnownFileType = file.xib; path = ShowFavoritesViewController.xib; sourceTree = "<group>"; };
		F0E7B8DF2BAC9F820030DDEC /* ShowFavoritesViewController.swift */ = {isa = PBXFileReference; fileEncoding = 4; lastKnownFileType = sourcecode.swift; path = ShowFavoritesViewController.swift; sourceTree = "<group>"; };
		F0E7B8E82BACA40A0030DDEC /* HomeTabBarInteractor.swift */ = {isa = PBXFileReference; fileEncoding = 4; lastKnownFileType = sourcecode.swift; path = HomeTabBarInteractor.swift; sourceTree = "<group>"; };
		F0E7B8E92BACA40A0030DDEC /* HomeTabBarPresenter.swift */ = {isa = PBXFileReference; fileEncoding = 4; lastKnownFileType = sourcecode.swift; path = HomeTabBarPresenter.swift; sourceTree = "<group>"; };
		F0E7B8EB2BACA40A0030DDEC /* HomeTabBarWireframe.swift */ = {isa = PBXFileReference; fileEncoding = 4; lastKnownFileType = sourcecode.swift; path = HomeTabBarWireframe.swift; sourceTree = "<group>"; };
		F0E7B8EC2BACA40A0030DDEC /* HomeTabBarViewController.xib */ = {isa = PBXFileReference; fileEncoding = 4; lastKnownFileType = file.xib; path = HomeTabBarViewController.xib; sourceTree = "<group>"; };
		F0E7B8ED2BACA40A0030DDEC /* HomeTabBarViewController.swift */ = {isa = PBXFileReference; fileEncoding = 4; lastKnownFileType = sourcecode.swift; path = HomeTabBarViewController.swift; sourceTree = "<group>"; };
		F0E7B8F32BACB70E0030DDEC /* CoreDataController.swift */ = {isa = PBXFileReference; lastKnownFileType = sourcecode.swift; path = CoreDataController.swift; sourceTree = "<group>"; };
		F0E7B8F52BADDECC0030DDEC /* FavoriteShowModel.swift */ = {isa = PBXFileReference; lastKnownFileType = sourcecode.swift; path = FavoriteShowModel.swift; sourceTree = "<group>"; };
/* End PBXFileReference section */

/* Begin PBXFrameworksBuildPhase section */
		F07EED872BAA559700728D2C /* Frameworks */ = {
			isa = PBXFrameworksBuildPhase;
			buildActionMask = 2147483647;
			files = (
			);
			runOnlyForDeploymentPostprocessing = 0;
		};
		F07EEDA02BAA559900728D2C /* Frameworks */ = {
			isa = PBXFrameworksBuildPhase;
			buildActionMask = 2147483647;
			files = (
			);
			runOnlyForDeploymentPostprocessing = 0;
		};
		F07EEDAA2BAA559900728D2C /* Frameworks */ = {
			isa = PBXFrameworksBuildPhase;
			buildActionMask = 2147483647;
			files = (
			);
			runOnlyForDeploymentPostprocessing = 0;
		};
/* End PBXFrameworksBuildPhase section */

/* Begin PBXGroup section */
		F07EED812BAA559700728D2C = {
			isa = PBXGroup;
			children = (
				F07EED8C2BAA559700728D2C /* TVMaze_App_Example */,
				F07EEDA62BAA559900728D2C /* TVMaze_App_ExampleTests */,
				F07EEDB02BAA559900728D2C /* TVMaze_App_ExampleUITests */,
				F07EED8B2BAA559700728D2C /* Products */,
			);
			sourceTree = "<group>";
		};
		F07EED8B2BAA559700728D2C /* Products */ = {
			isa = PBXGroup;
			children = (
				F07EED8A2BAA559700728D2C /* TVMaze_App_Example.app */,
				F07EEDA32BAA559900728D2C /* TVMaze_App_ExampleTests.xctest */,
				F07EEDAD2BAA559900728D2C /* TVMaze_App_ExampleUITests.xctest */,
			);
			name = Products;
			sourceTree = "<group>";
		};
		F07EED8C2BAA559700728D2C /* TVMaze_App_Example */ = {
			isa = PBXGroup;
			children = (
				F07EEDC02BAAC87100728D2C /* SupportFiles */,
				F07EEDC12BAAC88500728D2C /* General */,
				F09629762BAB870300E50467 /* Modules */,
				F07EED8D2BAA559700728D2C /* AppDelegate.swift */,
				F07EED8F2BAA559700728D2C /* SceneDelegate.swift */,
				F07EED932BAA559700728D2C /* Main.storyboard */,
				F07EED992BAA559800728D2C /* Assets.xcassets */,
				F07EED9B2BAA559800728D2C /* LaunchScreen.storyboard */,
				F07EED9E2BAA559800728D2C /* Info.plist */,
				F09629782BAB873400E50467 /* Resources */,
			);
			path = TVMaze_App_Example;
			sourceTree = "<group>";
		};
		F07EEDA62BAA559900728D2C /* TVMaze_App_ExampleTests */ = {
			isa = PBXGroup;
			children = (
				F07EEDA72BAA559900728D2C /* TVMaze_App_ExampleTests.swift */,
			);
			path = TVMaze_App_ExampleTests;
			sourceTree = "<group>";
		};
		F07EEDB02BAA559900728D2C /* TVMaze_App_ExampleUITests */ = {
			isa = PBXGroup;
			children = (
				F07EEDB12BAA559900728D2C /* TVMaze_App_ExampleUITests.swift */,
				F07EEDB32BAA559900728D2C /* TVMaze_App_ExampleUITestsLaunchTests.swift */,
			);
			path = TVMaze_App_ExampleUITests;
			sourceTree = "<group>";
		};
		F07EEDC02BAAC87100728D2C /* SupportFiles */ = {
			isa = PBXGroup;
			children = (
				F09629622BAB6DCA00E50467 /* Enviorement.plist */,
			);
			path = SupportFiles;
			sourceTree = "<group>";
		};
		F07EEDC12BAAC88500728D2C /* General */ = {
			isa = PBXGroup;
			children = (
				F07EEDC22BAAC8BB00728D2C /* Models */,
				F07EEDC52BAACA1600728D2C /* Network */,
				F09629582BAB661600E50467 /* CoreData */,
				F09629592BAB662F00E50467 /* Utils */,
				F09629542BAB534700E50467 /* Constants.swift */,
				F09629562BAB65A900E50467 /* TVMazeViewController.swift */,
				F09629602BAB668800E50467 /* Protocols.swift */,
				F0E7B8D62BAC92640030DDEC /* Localizable.strings */,
			);
			path = General;
			sourceTree = "<group>";
		};
		F07EEDC22BAAC8BB00728D2C /* Models */ = {
			isa = PBXGroup;
			children = (
				F07EEDC32BAAC8FB00728D2C /* ShowModel.swift */,
				F09629642BAB823500E50467 /* PreviousEpisode.swift */,
				F09629662BAB825D00E50467 /* SelfLink.swift */,
				F09629682BAB827E00E50467 /* Links.swift */,
				F096296A2BAB82DE00E50467 /* Image.swift */,
				F096296C2BAB831200E50467 /* Externals.swift */,
				F096296E2BAB832E00E50467 /* Country.swift */,
				F09629702BAB834300E50467 /* Network.swift */,
				F09629722BAB835600E50467 /* Rating.swift */,
				F09629742BAB836700E50467 /* Schedule.swift */,
				F0E7B8F52BADDECC0030DDEC /* FavoriteShowModel.swift */,
			);
			path = Models;
			sourceTree = "<group>";
		};
		F07EEDC52BAACA1600728D2C /* Network */ = {
			isa = PBXGroup;
			children = (
				F07EEDC62BAACA2E00728D2C /* DataStore */,
				F07EEDC92BAACA7C00728D2C /* Services.plist */,
				F07EEDCB2BAACA8F00728D2C /* Interface.swift */,
				F07EEDCD2BAACAA400728D2C /* ServiceManager.swift */,
			);
			path = Network;
			sourceTree = "<group>";
		};
		F07EEDC62BAACA2E00728D2C /* DataStore */ = {
			isa = PBXGroup;
			children = (
				F07EEDC72BAACA6800728D2C /* TVMazeDataStore.swift */,
			);
			path = DataStore;
			sourceTree = "<group>";
		};
		F09225892BAC0E1800C8F8E8 /* ShowCatalogue */ = {
			isa = PBXGroup;
			children = (
				F092258A2BAC0E3A00C8F8E8 /* ShowCatalogueTableViewCell.swift */,
				F092258B2BAC0E3A00C8F8E8 /* ShowCatalogueTableViewCell.xib */,
			);
			path = ShowCatalogue;
			sourceTree = "<group>";
		};
		F09629582BAB661600E50467 /* CoreData */ = {
			isa = PBXGroup;
			children = (
				F07EED962BAA559700728D2C /* TVMaze_App_Example.xcdatamodeld */,
				F0E7B8F32BACB70E0030DDEC /* CoreDataController.swift */,
			);
			path = CoreData;
			sourceTree = "<group>";
		};
		F09629592BAB662F00E50467 /* Utils */ = {
			isa = PBXGroup;
			children = (
				F096295A2BAB665200E50467 /* Utils.swift */,
				F096295C2BAB666800E50467 /* ImageCache.swift */,
				F096295E2BAB667700E50467 /* Extensions.swift */,
			);
			path = Utils;
			sourceTree = "<group>";
		};
		F09629762BAB870300E50467 /* Modules */ = {
			isa = PBXGroup;
			children = (
				F0E7B8E62BACA40A0030DDEC /* TabBar */,
				F096297A2BAB899F00E50467 /* ShowDetails */,
				F09629792BAB898E00E50467 /* Catalogue */,
				F0E7B8D82BAC9F820030DDEC /* Favorites */,
				F09629772BAB871000E50467 /* CustomSplash */,
			);
			path = Modules;
			sourceTree = "<group>";
		};
		F09629772BAB871000E50467 /* CustomSplash */ = {
			isa = PBXGroup;
			children = (
				F07EED912BAA559700728D2C /* ViewController.swift */,
			);
			path = CustomSplash;
			sourceTree = "<group>";
		};
		F09629782BAB873400E50467 /* Resources */ = {
			isa = PBXGroup;
			children = (
				F09225892BAC0E1800C8F8E8 /* ShowCatalogue */,
			);
			path = Resources;
			sourceTree = "<group>";
		};
		F09629792BAB898E00E50467 /* Catalogue */ = {
			isa = PBXGroup;
			children = (
				F096297C2BAB89B900E50467 /* ApplicationLogic */,
				F096297B2BAB89AD00E50467 /* UserInterface */,
			);
			path = Catalogue;
			sourceTree = "<group>";
		};
		F096297A2BAB899F00E50467 /* ShowDetails */ = {
			isa = PBXGroup;
			children = (
				F096297E2BAB89D100E50467 /* ApplicationLogic */,
				F096297D2BAB89C900E50467 /* UserInterface */,
			);
			path = ShowDetails;
			sourceTree = "<group>";
		};
		F096297B2BAB89AD00E50467 /* UserInterface */ = {
			isa = PBXGroup;
			children = (
				F096298D2BAB8C9A00E50467 /* ShowCatalogueWireframe.swift */,
				F096298F2BAB8CB500E50467 /* ShowCatalogueViewController.swift */,
				F09629902BAB8CB500E50467 /* ShowCatalogueViewController.xib */,
			);
			path = UserInterface;
			sourceTree = "<group>";
		};
		F096297C2BAB89B900E50467 /* ApplicationLogic */ = {
			isa = PBXGroup;
			children = (
				F09629892BAB8C7200E50467 /* ShowCatalogueInteractor.swift */,
				F096298B2BAB8C8300E50467 /* ShowCataloguePresenter.swift */,
			);
			path = ApplicationLogic;
			sourceTree = "<group>";
		};
		F096297D2BAB89C900E50467 /* UserInterface */ = {
			isa = PBXGroup;
			children = (
				F09629832BAB8C1D00E50467 /* ShowDetailsWireframe.swift */,
				F09629852BAB8C4700E50467 /* ShowDetailsViewController.swift */,
				F09629862BAB8C4700E50467 /* ShowDetailsViewController.xib */,
			);
			path = UserInterface;
			sourceTree = "<group>";
		};
		F096297E2BAB89D100E50467 /* ApplicationLogic */ = {
			isa = PBXGroup;
			children = (
				F096297F2BAB8BEA00E50467 /* ShowDetailsInteractor.swift */,
				F09629812BAB8C0900E50467 /* ShowDetailsPresenter.swift */,
			);
			path = ApplicationLogic;
			sourceTree = "<group>";
		};
		F0E7B8D82BAC9F820030DDEC /* Favorites */ = {
			isa = PBXGroup;
			children = (
				F0E7B8D92BAC9F820030DDEC /* ApplicationLogic */,
				F0E7B8DC2BAC9F820030DDEC /* UserInterface */,
			);
			name = Favorites;
			path = TVMaze_App_Example/Modules/Favorites;
			sourceTree = SOURCE_ROOT;
		};
		F0E7B8D92BAC9F820030DDEC /* ApplicationLogic */ = {
			isa = PBXGroup;
			children = (
				F0E7B8DA2BAC9F820030DDEC /* ShowFavoritesInteractor.swift */,
				F0E7B8DB2BAC9F820030DDEC /* ShowFavoritesPresenter.swift */,
			);
			path = ApplicationLogic;
			sourceTree = "<group>";
		};
		F0E7B8DC2BAC9F820030DDEC /* UserInterface */ = {
			isa = PBXGroup;
			children = (
				F0E7B8DD2BAC9F820030DDEC /* ShowFavoritesWireframe.swift */,
				F0E7B8DE2BAC9F820030DDEC /* ShowFavoritesViewController.xib */,
				F0E7B8DF2BAC9F820030DDEC /* ShowFavoritesViewController.swift */,
			);
			path = UserInterface;
			sourceTree = "<group>";
		};
		F0E7B8E62BACA40A0030DDEC /* TabBar */ = {
			isa = PBXGroup;
			children = (
				F0E7B8E72BACA40A0030DDEC /* ApplicationLogic */,
				F0E7B8EA2BACA40A0030DDEC /* UserInterface */,
			);
			path = TabBar;
			sourceTree = "<group>";
		};
		F0E7B8E72BACA40A0030DDEC /* ApplicationLogic */ = {
			isa = PBXGroup;
			children = (
				F0E7B8E82BACA40A0030DDEC /* HomeTabBarInteractor.swift */,
				F0E7B8E92BACA40A0030DDEC /* HomeTabBarPresenter.swift */,
			);
			path = ApplicationLogic;
			sourceTree = "<group>";
		};
		F0E7B8EA2BACA40A0030DDEC /* UserInterface */ = {
			isa = PBXGroup;
			children = (
				F0E7B8EB2BACA40A0030DDEC /* HomeTabBarWireframe.swift */,
				F0E7B8EC2BACA40A0030DDEC /* HomeTabBarViewController.xib */,
				F0E7B8ED2BACA40A0030DDEC /* HomeTabBarViewController.swift */,
			);
			path = UserInterface;
			sourceTree = "<group>";
		};
/* End PBXGroup section */

/* Begin PBXNativeTarget section */
		F07EED892BAA559700728D2C /* TVMaze_App_Example */ = {
			isa = PBXNativeTarget;
			buildConfigurationList = F07EEDB72BAA559900728D2C /* Build configuration list for PBXNativeTarget "TVMaze_App_Example" */;
			buildPhases = (
				F07EED862BAA559700728D2C /* Sources */,
				F07EED872BAA559700728D2C /* Frameworks */,
				F07EED882BAA559700728D2C /* Resources */,
			);
			buildRules = (
			);
			dependencies = (
			);
			name = TVMaze_App_Example;
			productName = TVMaze_App_Example;
			productReference = F07EED8A2BAA559700728D2C /* TVMaze_App_Example.app */;
			productType = "com.apple.product-type.application";
		};
		F07EEDA22BAA559900728D2C /* TVMaze_App_ExampleTests */ = {
			isa = PBXNativeTarget;
			buildConfigurationList = F07EEDBA2BAA559900728D2C /* Build configuration list for PBXNativeTarget "TVMaze_App_ExampleTests" */;
			buildPhases = (
				F07EED9F2BAA559900728D2C /* Sources */,
				F07EEDA02BAA559900728D2C /* Frameworks */,
				F07EEDA12BAA559900728D2C /* Resources */,
			);
			buildRules = (
			);
			dependencies = (
				F07EEDA52BAA559900728D2C /* PBXTargetDependency */,
			);
			name = TVMaze_App_ExampleTests;
			productName = TVMaze_App_ExampleTests;
			productReference = F07EEDA32BAA559900728D2C /* TVMaze_App_ExampleTests.xctest */;
			productType = "com.apple.product-type.bundle.unit-test";
		};
		F07EEDAC2BAA559900728D2C /* TVMaze_App_ExampleUITests */ = {
			isa = PBXNativeTarget;
			buildConfigurationList = F07EEDBD2BAA559900728D2C /* Build configuration list for PBXNativeTarget "TVMaze_App_ExampleUITests" */;
			buildPhases = (
				F07EEDA92BAA559900728D2C /* Sources */,
				F07EEDAA2BAA559900728D2C /* Frameworks */,
				F07EEDAB2BAA559900728D2C /* Resources */,
			);
			buildRules = (
			);
			dependencies = (
				F07EEDAF2BAA559900728D2C /* PBXTargetDependency */,
			);
			name = TVMaze_App_ExampleUITests;
			productName = TVMaze_App_ExampleUITests;
			productReference = F07EEDAD2BAA559900728D2C /* TVMaze_App_ExampleUITests.xctest */;
			productType = "com.apple.product-type.bundle.ui-testing";
		};
/* End PBXNativeTarget section */

/* Begin PBXProject section */
		F07EED822BAA559700728D2C /* Project object */ = {
			isa = PBXProject;
			attributes = {
				BuildIndependentTargetsInParallel = 1;
				LastSwiftUpdateCheck = 1520;
				LastUpgradeCheck = 1520;
				TargetAttributes = {
					F07EED892BAA559700728D2C = {
						CreatedOnToolsVersion = 15.2;
					};
					F07EEDA22BAA559900728D2C = {
						CreatedOnToolsVersion = 15.2;
						TestTargetID = F07EED892BAA559700728D2C;
					};
					F07EEDAC2BAA559900728D2C = {
						CreatedOnToolsVersion = 15.2;
						TestTargetID = F07EED892BAA559700728D2C;
					};
				};
			};
			buildConfigurationList = F07EED852BAA559700728D2C /* Build configuration list for PBXProject "TVMaze_App_Example" */;
			compatibilityVersion = "Xcode 14.0";
			developmentRegion = en;
			hasScannedForEncodings = 0;
			knownRegions = (
				en,
				Base,
				"es-419",
			);
			mainGroup = F07EED812BAA559700728D2C;
			productRefGroup = F07EED8B2BAA559700728D2C /* Products */;
			projectDirPath = "";
			projectRoot = "";
			targets = (
				F07EED892BAA559700728D2C /* TVMaze_App_Example */,
				F07EEDA22BAA559900728D2C /* TVMaze_App_ExampleTests */,
				F07EEDAC2BAA559900728D2C /* TVMaze_App_ExampleUITests */,
			);
		};
/* End PBXProject section */

/* Begin PBXResourcesBuildPhase section */
		F07EED882BAA559700728D2C /* Resources */ = {
			isa = PBXResourcesBuildPhase;
			buildActionMask = 2147483647;
			files = (
				F092258D2BAC0E3A00C8F8E8 /* ShowCatalogueTableViewCell.xib in Resources */,
				F0E7B8E32BAC9F820030DDEC /* ShowFavoritesViewController.xib in Resources */,
				F07EEDCA2BAACA7C00728D2C /* Services.plist in Resources */,
				F09629922BAB8CB500E50467 /* ShowCatalogueViewController.xib in Resources */,
				F07EED9D2BAA559800728D2C /* LaunchScreen.storyboard in Resources */,
				F0E7B8D42BAC92640030DDEC /* Localizable.strings in Resources */,
				F07EED9A2BAA559800728D2C /* Assets.xcassets in Resources */,
				F07EED952BAA559700728D2C /* Main.storyboard in Resources */,
				F0E7B8F12BACA40A0030DDEC /* HomeTabBarViewController.xib in Resources */,
				F09629882BAB8C4700E50467 /* ShowDetailsViewController.xib in Resources */,
				F09629632BAB6DCA00E50467 /* Enviorement.plist in Resources */,
			);
			runOnlyForDeploymentPostprocessing = 0;
		};
		F07EEDA12BAA559900728D2C /* Resources */ = {
			isa = PBXResourcesBuildPhase;
			buildActionMask = 2147483647;
			files = (
			);
			runOnlyForDeploymentPostprocessing = 0;
		};
		F07EEDAB2BAA559900728D2C /* Resources */ = {
			isa = PBXResourcesBuildPhase;
			buildActionMask = 2147483647;
			files = (
			);
			runOnlyForDeploymentPostprocessing = 0;
		};
/* End PBXResourcesBuildPhase section */

/* Begin PBXSourcesBuildPhase section */
		F07EED862BAA559700728D2C /* Sources */ = {
			isa = PBXSourcesBuildPhase;
			buildActionMask = 2147483647;
			files = (
				F09629552BAB534700E50467 /* Constants.swift in Sources */,
				F096298A2BAB8C7200E50467 /* ShowCatalogueInteractor.swift in Sources */,
				F096296B2BAB82DE00E50467 /* Image.swift in Sources */,
				F09629672BAB825D00E50467 /* SelfLink.swift in Sources */,
				F0E7B8F42BACB70E0030DDEC /* CoreDataController.swift in Sources */,
				F09629612BAB668800E50467 /* Protocols.swift in Sources */,
				F0E7B8F62BADDECC0030DDEC /* FavoriteShowModel.swift in Sources */,
				F09629572BAB65A900E50467 /* TVMazeViewController.swift in Sources */,
				F09629712BAB834300E50467 /* Network.swift in Sources */,
				F0E7B8EF2BACA40A0030DDEC /* HomeTabBarPresenter.swift in Sources */,
				F07EED922BAA559700728D2C /* ViewController.swift in Sources */,
				F092258C2BAC0E3A00C8F8E8 /* ShowCatalogueTableViewCell.swift in Sources */,
				F0E7B8E12BAC9F820030DDEC /* ShowFavoritesPresenter.swift in Sources */,
				F09629872BAB8C4700E50467 /* ShowDetailsViewController.swift in Sources */,
				F07EED982BAA559700728D2C /* TVMaze_App_Example.xcdatamodeld in Sources */,
				F0E7B8EE2BACA40A0030DDEC /* HomeTabBarInteractor.swift in Sources */,
				F09629802BAB8BEA00E50467 /* ShowDetailsInteractor.swift in Sources */,
				F07EED8E2BAA559700728D2C /* AppDelegate.swift in Sources */,
				F096298C2BAB8C8300E50467 /* ShowCataloguePresenter.swift in Sources */,
				F096296F2BAB832E00E50467 /* Country.swift in Sources */,
				F096295D2BAB666800E50467 /* ImageCache.swift in Sources */,
				F07EEDCE2BAACAA400728D2C /* ServiceManager.swift in Sources */,
				F09629652BAB823500E50467 /* PreviousEpisode.swift in Sources */,
				F096298E2BAB8C9A00E50467 /* ShowCatalogueWireframe.swift in Sources */,
				F07EEDCC2BAACA8F00728D2C /* Interface.swift in Sources */,
				F096295F2BAB667700E50467 /* Extensions.swift in Sources */,
				F09629842BAB8C1D00E50467 /* ShowDetailsWireframe.swift in Sources */,
				F0E7B8E02BAC9F820030DDEC /* ShowFavoritesInteractor.swift in Sources */,
				F09629692BAB827E00E50467 /* Links.swift in Sources */,
				F09629912BAB8CB500E50467 /* ShowCatalogueViewController.swift in Sources */,
				F09629732BAB835600E50467 /* Rating.swift in Sources */,
				F0E7B8F22BACA40A0030DDEC /* HomeTabBarViewController.swift in Sources */,
				F07EED902BAA559700728D2C /* SceneDelegate.swift in Sources */,
				F0E7B8F02BACA40A0030DDEC /* HomeTabBarWireframe.swift in Sources */,
				F07EEDC82BAACA6800728D2C /* TVMazeDataStore.swift in Sources */,
				F096295B2BAB665200E50467 /* Utils.swift in Sources */,
				F07EEDC42BAAC8FB00728D2C /* ShowModel.swift in Sources */,
				F0E7B8E42BAC9F820030DDEC /* ShowFavoritesViewController.swift in Sources */,
				F09629822BAB8C0900E50467 /* ShowDetailsPresenter.swift in Sources */,
				F0E7B8E22BAC9F820030DDEC /* ShowFavoritesWireframe.swift in Sources */,
				F09629752BAB836700E50467 /* Schedule.swift in Sources */,
				F096296D2BAB831200E50467 /* Externals.swift in Sources */,
			);
			runOnlyForDeploymentPostprocessing = 0;
		};
		F07EED9F2BAA559900728D2C /* Sources */ = {
			isa = PBXSourcesBuildPhase;
			buildActionMask = 2147483647;
			files = (
				F07EEDA82BAA559900728D2C /* TVMaze_App_ExampleTests.swift in Sources */,
			);
			runOnlyForDeploymentPostprocessing = 0;
		};
		F07EEDA92BAA559900728D2C /* Sources */ = {
			isa = PBXSourcesBuildPhase;
			buildActionMask = 2147483647;
			files = (
				F07EEDB42BAA559900728D2C /* TVMaze_App_ExampleUITestsLaunchTests.swift in Sources */,
				F07EEDB22BAA559900728D2C /* TVMaze_App_ExampleUITests.swift in Sources */,
			);
			runOnlyForDeploymentPostprocessing = 0;
		};
/* End PBXSourcesBuildPhase section */

/* Begin PBXTargetDependency section */
		F07EEDA52BAA559900728D2C /* PBXTargetDependency */ = {
			isa = PBXTargetDependency;
			target = F07EED892BAA559700728D2C /* TVMaze_App_Example */;
			targetProxy = F07EEDA42BAA559900728D2C /* PBXContainerItemProxy */;
		};
		F07EEDAF2BAA559900728D2C /* PBXTargetDependency */ = {
			isa = PBXTargetDependency;
			target = F07EED892BAA559700728D2C /* TVMaze_App_Example */;
			targetProxy = F07EEDAE2BAA559900728D2C /* PBXContainerItemProxy */;
		};
/* End PBXTargetDependency section */

/* Begin PBXVariantGroup section */
		F07EED932BAA559700728D2C /* Main.storyboard */ = {
			isa = PBXVariantGroup;
			children = (
				F07EED942BAA559700728D2C /* Base */,
			);
			name = Main.storyboard;
			sourceTree = "<group>";
		};
		F07EED9B2BAA559800728D2C /* LaunchScreen.storyboard */ = {
			isa = PBXVariantGroup;
			children = (
				F07EED9C2BAA559800728D2C /* Base */,
			);
			name = LaunchScreen.storyboard;
			sourceTree = "<group>";
		};
		F0E7B8D62BAC92640030DDEC /* Localizable.strings */ = {
			isa = PBXVariantGroup;
			children = (
				F0E7B8D52BAC92640030DDEC /* en */,
				F0E7B8D72BAC928D0030DDEC /* es-419 */,
			);
			name = Localizable.strings;
			sourceTree = "<group>";
		};
/* End PBXVariantGroup section */

/* Begin XCBuildConfiguration section */
		F07EEDB52BAA559900728D2C /* Debug */ = {
			isa = XCBuildConfiguration;
			buildSettings = {
				ALWAYS_SEARCH_USER_PATHS = NO;
				ASSETCATALOG_COMPILER_GENERATE_SWIFT_ASSET_SYMBOL_EXTENSIONS = YES;
				CLANG_ANALYZER_LOCALIZABILITY_NONLOCALIZED = YES;
				CLANG_ANALYZER_NONNULL = YES;
				CLANG_ANALYZER_NUMBER_OBJECT_CONVERSION = YES_AGGRESSIVE;
				CLANG_CXX_LANGUAGE_STANDARD = "gnu++20";
				CLANG_ENABLE_MODULES = YES;
				CLANG_ENABLE_OBJC_ARC = YES;
				CLANG_ENABLE_OBJC_WEAK = YES;
				CLANG_WARN_BLOCK_CAPTURE_AUTORELEASING = YES;
				CLANG_WARN_BOOL_CONVERSION = YES;
				CLANG_WARN_COMMA = YES;
				CLANG_WARN_CONSTANT_CONVERSION = YES;
				CLANG_WARN_DEPRECATED_OBJC_IMPLEMENTATIONS = YES;
				CLANG_WARN_DIRECT_OBJC_ISA_USAGE = YES_ERROR;
				CLANG_WARN_DOCUMENTATION_COMMENTS = YES;
				CLANG_WARN_EMPTY_BODY = YES;
				CLANG_WARN_ENUM_CONVERSION = YES;
				CLANG_WARN_INFINITE_RECURSION = YES;
				CLANG_WARN_INT_CONVERSION = YES;
				CLANG_WARN_NON_LITERAL_NULL_CONVERSION = YES;
				CLANG_WARN_OBJC_IMPLICIT_RETAIN_SELF = YES;
				CLANG_WARN_OBJC_LITERAL_CONVERSION = YES;
				CLANG_WARN_OBJC_ROOT_CLASS = YES_ERROR;
				CLANG_WARN_QUOTED_INCLUDE_IN_FRAMEWORK_HEADER = YES;
				CLANG_WARN_RANGE_LOOP_ANALYSIS = YES;
				CLANG_WARN_STRICT_PROTOTYPES = YES;
				CLANG_WARN_SUSPICIOUS_MOVE = YES;
				CLANG_WARN_UNGUARDED_AVAILABILITY = YES_AGGRESSIVE;
				CLANG_WARN_UNREACHABLE_CODE = YES;
				CLANG_WARN__DUPLICATE_METHOD_MATCH = YES;
				COPY_PHASE_STRIP = NO;
				DEBUG_INFORMATION_FORMAT = dwarf;
				ENABLE_STRICT_OBJC_MSGSEND = YES;
				ENABLE_TESTABILITY = YES;
				ENABLE_USER_SCRIPT_SANDBOXING = YES;
				GCC_C_LANGUAGE_STANDARD = gnu17;
				GCC_DYNAMIC_NO_PIC = NO;
				GCC_NO_COMMON_BLOCKS = YES;
				GCC_OPTIMIZATION_LEVEL = 0;
				GCC_PREPROCESSOR_DEFINITIONS = (
					"DEBUG=1",
					"$(inherited)",
				);
				GCC_WARN_64_TO_32_BIT_CONVERSION = YES;
				GCC_WARN_ABOUT_RETURN_TYPE = YES_ERROR;
				GCC_WARN_UNDECLARED_SELECTOR = YES;
				GCC_WARN_UNINITIALIZED_AUTOS = YES_AGGRESSIVE;
				GCC_WARN_UNUSED_FUNCTION = YES;
				GCC_WARN_UNUSED_VARIABLE = YES;
				IPHONEOS_DEPLOYMENT_TARGET = 12.0;
				LOCALIZATION_PREFERS_STRING_CATALOGS = YES;
				MTL_ENABLE_DEBUG_INFO = INCLUDE_SOURCE;
				MTL_FAST_MATH = YES;
				ONLY_ACTIVE_ARCH = YES;
				SDKROOT = iphoneos;
				SWIFT_ACTIVE_COMPILATION_CONDITIONS = "DEBUG $(inherited)";
				SWIFT_OPTIMIZATION_LEVEL = "-Onone";
			};
			name = Debug;
		};
		F07EEDB62BAA559900728D2C /* Release */ = {
			isa = XCBuildConfiguration;
			buildSettings = {
				ALWAYS_SEARCH_USER_PATHS = NO;
				ASSETCATALOG_COMPILER_GENERATE_SWIFT_ASSET_SYMBOL_EXTENSIONS = YES;
				CLANG_ANALYZER_LOCALIZABILITY_NONLOCALIZED = YES;
				CLANG_ANALYZER_NONNULL = YES;
				CLANG_ANALYZER_NUMBER_OBJECT_CONVERSION = YES_AGGRESSIVE;
				CLANG_CXX_LANGUAGE_STANDARD = "gnu++20";
				CLANG_ENABLE_MODULES = YES;
				CLANG_ENABLE_OBJC_ARC = YES;
				CLANG_ENABLE_OBJC_WEAK = YES;
				CLANG_WARN_BLOCK_CAPTURE_AUTORELEASING = YES;
				CLANG_WARN_BOOL_CONVERSION = YES;
				CLANG_WARN_COMMA = YES;
				CLANG_WARN_CONSTANT_CONVERSION = YES;
				CLANG_WARN_DEPRECATED_OBJC_IMPLEMENTATIONS = YES;
				CLANG_WARN_DIRECT_OBJC_ISA_USAGE = YES_ERROR;
				CLANG_WARN_DOCUMENTATION_COMMENTS = YES;
				CLANG_WARN_EMPTY_BODY = YES;
				CLANG_WARN_ENUM_CONVERSION = YES;
				CLANG_WARN_INFINITE_RECURSION = YES;
				CLANG_WARN_INT_CONVERSION = YES;
				CLANG_WARN_NON_LITERAL_NULL_CONVERSION = YES;
				CLANG_WARN_OBJC_IMPLICIT_RETAIN_SELF = YES;
				CLANG_WARN_OBJC_LITERAL_CONVERSION = YES;
				CLANG_WARN_OBJC_ROOT_CLASS = YES_ERROR;
				CLANG_WARN_QUOTED_INCLUDE_IN_FRAMEWORK_HEADER = YES;
				CLANG_WARN_RANGE_LOOP_ANALYSIS = YES;
				CLANG_WARN_STRICT_PROTOTYPES = YES;
				CLANG_WARN_SUSPICIOUS_MOVE = YES;
				CLANG_WARN_UNGUARDED_AVAILABILITY = YES_AGGRESSIVE;
				CLANG_WARN_UNREACHABLE_CODE = YES;
				CLANG_WARN__DUPLICATE_METHOD_MATCH = YES;
				COPY_PHASE_STRIP = NO;
				DEBUG_INFORMATION_FORMAT = "dwarf-with-dsym";
				ENABLE_NS_ASSERTIONS = NO;
				ENABLE_STRICT_OBJC_MSGSEND = YES;
				ENABLE_USER_SCRIPT_SANDBOXING = YES;
				GCC_C_LANGUAGE_STANDARD = gnu17;
				GCC_NO_COMMON_BLOCKS = YES;
				GCC_WARN_64_TO_32_BIT_CONVERSION = YES;
				GCC_WARN_ABOUT_RETURN_TYPE = YES_ERROR;
				GCC_WARN_UNDECLARED_SELECTOR = YES;
				GCC_WARN_UNINITIALIZED_AUTOS = YES_AGGRESSIVE;
				GCC_WARN_UNUSED_FUNCTION = YES;
				GCC_WARN_UNUSED_VARIABLE = YES;
				IPHONEOS_DEPLOYMENT_TARGET = 12.0;
				LOCALIZATION_PREFERS_STRING_CATALOGS = YES;
				MTL_ENABLE_DEBUG_INFO = NO;
				MTL_FAST_MATH = YES;
				SDKROOT = iphoneos;
				SWIFT_COMPILATION_MODE = wholemodule;
				VALIDATE_PRODUCT = YES;
			};
			name = Release;
		};
		F07EEDB82BAA559900728D2C /* Debug */ = {
			isa = XCBuildConfiguration;
			buildSettings = {
				ASSETCATALOG_COMPILER_APPICON_NAME = AppIcon;
				ASSETCATALOG_COMPILER_GLOBAL_ACCENT_COLOR_NAME = AccentColor;
				CODE_SIGN_STYLE = Automatic;
				CURRENT_PROJECT_VERSION = 1;
				DEVELOPMENT_TEAM = P2NJ4SA889;
				GENERATE_INFOPLIST_FILE = YES;
				INFOPLIST_FILE = TVMaze_App_Example/Info.plist;
				INFOPLIST_KEY_UIApplicationSupportsIndirectInputEvents = YES;
				INFOPLIST_KEY_UILaunchStoryboardName = LaunchScreen;
				INFOPLIST_KEY_UIMainStoryboardFile = Main;
				INFOPLIST_KEY_UISupportedInterfaceOrientations = UIInterfaceOrientationPortrait;
				INFOPLIST_KEY_UISupportedInterfaceOrientations_iPad = "UIInterfaceOrientationLandscapeLeft UIInterfaceOrientationLandscapeRight UIInterfaceOrientationPortrait UIInterfaceOrientationPortraitUpsideDown";
				IPHONEOS_DEPLOYMENT_TARGET = 12.0;
				LD_RUNPATH_SEARCH_PATHS = (
					"$(inherited)",
					"@executable_path/Frameworks",
				);
				MARKETING_VERSION = 1.0;
				PRODUCT_BUNDLE_IDENTIFIER = "copperLabs.TVMaze-App-Example";
				PRODUCT_NAME = "$(TARGET_NAME)";
				SUPPORTED_PLATFORMS = "iphoneos iphonesimulator";
				SUPPORTS_MACCATALYST = NO;
				SUPPORTS_MAC_DESIGNED_FOR_IPHONE_IPAD = NO;
				SUPPORTS_XR_DESIGNED_FOR_IPHONE_IPAD = NO;
				SWIFT_EMIT_LOC_STRINGS = YES;
				SWIFT_VERSION = 5.0;
				TARGETED_DEVICE_FAMILY = 1;
			};
			name = Debug;
		};
		F07EEDB92BAA559900728D2C /* Release */ = {
			isa = XCBuildConfiguration;
			buildSettings = {
				ASSETCATALOG_COMPILER_APPICON_NAME = AppIcon;
				ASSETCATALOG_COMPILER_GLOBAL_ACCENT_COLOR_NAME = AccentColor;
				CODE_SIGN_STYLE = Automatic;
				CURRENT_PROJECT_VERSION = 1;
				DEVELOPMENT_TEAM = P2NJ4SA889;
				GENERATE_INFOPLIST_FILE = YES;
				INFOPLIST_FILE = TVMaze_App_Example/Info.plist;
				INFOPLIST_KEY_UIApplicationSupportsIndirectInputEvents = YES;
				INFOPLIST_KEY_UILaunchStoryboardName = LaunchScreen;
				INFOPLIST_KEY_UIMainStoryboardFile = Main;
				INFOPLIST_KEY_UISupportedInterfaceOrientations = UIInterfaceOrientationPortrait;
				INFOPLIST_KEY_UISupportedInterfaceOrientations_iPad = "UIInterfaceOrientationLandscapeLeft UIInterfaceOrientationLandscapeRight UIInterfaceOrientationPortrait UIInterfaceOrientationPortraitUpsideDown";
				IPHONEOS_DEPLOYMENT_TARGET = 12.0;
				LD_RUNPATH_SEARCH_PATHS = (
					"$(inherited)",
					"@executable_path/Frameworks",
				);
				MARKETING_VERSION = 1.0;
				PRODUCT_BUNDLE_IDENTIFIER = "copperLabs.TVMaze-App-Example";
				PRODUCT_NAME = "$(TARGET_NAME)";
				SUPPORTED_PLATFORMS = "iphoneos iphonesimulator";
				SUPPORTS_MACCATALYST = NO;
				SUPPORTS_MAC_DESIGNED_FOR_IPHONE_IPAD = NO;
				SUPPORTS_XR_DESIGNED_FOR_IPHONE_IPAD = NO;
				SWIFT_EMIT_LOC_STRINGS = YES;
				SWIFT_VERSION = 5.0;
				TARGETED_DEVICE_FAMILY = 1;
			};
			name = Release;
		};
		F07EEDBB2BAA559900728D2C /* Debug */ = {
			isa = XCBuildConfiguration;
			buildSettings = {
				ALWAYS_EMBED_SWIFT_STANDARD_LIBRARIES = YES;
				BUNDLE_LOADER = "$(TEST_HOST)";
				CODE_SIGN_STYLE = Automatic;
				CURRENT_PROJECT_VERSION = 1;
				DEVELOPMENT_TEAM = P2NJ4SA889;
				GENERATE_INFOPLIST_FILE = YES;
				IPHONEOS_DEPLOYMENT_TARGET = 17.2;
				MARKETING_VERSION = 1.0;
				PRODUCT_BUNDLE_IDENTIFIER = "copperLabs.TVMaze-App-ExampleTests";
				PRODUCT_NAME = "$(TARGET_NAME)";
				SWIFT_EMIT_LOC_STRINGS = NO;
				SWIFT_VERSION = 5.0;
				TARGETED_DEVICE_FAMILY = "1,2";
				TEST_HOST = "$(BUILT_PRODUCTS_DIR)/TVMaze_App_Example.app/$(BUNDLE_EXECUTABLE_FOLDER_PATH)/TVMaze_App_Example";
			};
			name = Debug;
		};
		F07EEDBC2BAA559900728D2C /* Release */ = {
			isa = XCBuildConfiguration;
			buildSettings = {
				ALWAYS_EMBED_SWIFT_STANDARD_LIBRARIES = YES;
				BUNDLE_LOADER = "$(TEST_HOST)";
				CODE_SIGN_STYLE = Automatic;
				CURRENT_PROJECT_VERSION = 1;
				DEVELOPMENT_TEAM = P2NJ4SA889;
				GENERATE_INFOPLIST_FILE = YES;
				IPHONEOS_DEPLOYMENT_TARGET = 17.2;
				MARKETING_VERSION = 1.0;
				PRODUCT_BUNDLE_IDENTIFIER = "copperLabs.TVMaze-App-ExampleTests";
				PRODUCT_NAME = "$(TARGET_NAME)";
				SWIFT_EMIT_LOC_STRINGS = NO;
				SWIFT_VERSION = 5.0;
				TARGETED_DEVICE_FAMILY = "1,2";
				TEST_HOST = "$(BUILT_PRODUCTS_DIR)/TVMaze_App_Example.app/$(BUNDLE_EXECUTABLE_FOLDER_PATH)/TVMaze_App_Example";
			};
			name = Release;
		};
		F07EEDBE2BAA559900728D2C /* Debug */ = {
			isa = XCBuildConfiguration;
			buildSettings = {
				ALWAYS_EMBED_SWIFT_STANDARD_LIBRARIES = YES;
				CODE_SIGN_STYLE = Automatic;
				CURRENT_PROJECT_VERSION = 1;
				DEVELOPMENT_TEAM = P2NJ4SA889;
				GENERATE_INFOPLIST_FILE = YES;
				MARKETING_VERSION = 1.0;
				PRODUCT_BUNDLE_IDENTIFIER = "copperLabs.TVMaze-App-ExampleUITests";
				PRODUCT_NAME = "$(TARGET_NAME)";
				SWIFT_EMIT_LOC_STRINGS = NO;
				SWIFT_VERSION = 5.0;
				TARGETED_DEVICE_FAMILY = "1,2";
				TEST_TARGET_NAME = TVMaze_App_Example;
			};
			name = Debug;
		};
		F07EEDBF2BAA559900728D2C /* Release */ = {
			isa = XCBuildConfiguration;
			buildSettings = {
				ALWAYS_EMBED_SWIFT_STANDARD_LIBRARIES = YES;
				CODE_SIGN_STYLE = Automatic;
				CURRENT_PROJECT_VERSION = 1;
				DEVELOPMENT_TEAM = P2NJ4SA889;
				GENERATE_INFOPLIST_FILE = YES;
				MARKETING_VERSION = 1.0;
				PRODUCT_BUNDLE_IDENTIFIER = "copperLabs.TVMaze-App-ExampleUITests";
				PRODUCT_NAME = "$(TARGET_NAME)";
				SWIFT_EMIT_LOC_STRINGS = NO;
				SWIFT_VERSION = 5.0;
				TARGETED_DEVICE_FAMILY = "1,2";
				TEST_TARGET_NAME = TVMaze_App_Example;
			};
			name = Release;
		};
/* End XCBuildConfiguration section */

/* Begin XCConfigurationList section */
		F07EED852BAA559700728D2C /* Build configuration list for PBXProject "TVMaze_App_Example" */ = {
			isa = XCConfigurationList;
			buildConfigurations = (
				F07EEDB52BAA559900728D2C /* Debug */,
				F07EEDB62BAA559900728D2C /* Release */,
			);
			defaultConfigurationIsVisible = 0;
			defaultConfigurationName = Release;
		};
		F07EEDB72BAA559900728D2C /* Build configuration list for PBXNativeTarget "TVMaze_App_Example" */ = {
			isa = XCConfigurationList;
			buildConfigurations = (
				F07EEDB82BAA559900728D2C /* Debug */,
				F07EEDB92BAA559900728D2C /* Release */,
			);
			defaultConfigurationIsVisible = 0;
			defaultConfigurationName = Release;
		};
		F07EEDBA2BAA559900728D2C /* Build configuration list for PBXNativeTarget "TVMaze_App_ExampleTests" */ = {
			isa = XCConfigurationList;
			buildConfigurations = (
				F07EEDBB2BAA559900728D2C /* Debug */,
				F07EEDBC2BAA559900728D2C /* Release */,
			);
			defaultConfigurationIsVisible = 0;
			defaultConfigurationName = Release;
		};
		F07EEDBD2BAA559900728D2C /* Build configuration list for PBXNativeTarget "TVMaze_App_ExampleUITests" */ = {
			isa = XCConfigurationList;
			buildConfigurations = (
				F07EEDBE2BAA559900728D2C /* Debug */,
				F07EEDBF2BAA559900728D2C /* Release */,
			);
			defaultConfigurationIsVisible = 0;
			defaultConfigurationName = Release;
		};
/* End XCConfigurationList section */

/* Begin XCVersionGroup section */
		F07EED962BAA559700728D2C /* TVMaze_App_Example.xcdatamodeld */ = {
			isa = XCVersionGroup;
			children = (
				F07EED972BAA559700728D2C /* TVMaze_App_Example.xcdatamodel */,
			);
			currentVersion = F07EED972BAA559700728D2C /* TVMaze_App_Example.xcdatamodel */;
			path = TVMaze_App_Example.xcdatamodeld;
			sourceTree = "<group>";
			versionGroupType = wrapper.xcdatamodel;
		};
/* End XCVersionGroup section */
	};
	rootObject = F07EED822BAA559700728D2C /* Project object */;
}
